
Microsoft Visual Studio Solution File, Format Version 12.00
# Visual Studio Version 16
VisualStudioVersion = 16.0.30804.86
MinimumVisualStudioVersion = 10.0.40219.1
Project("{FAE04EC0-301F-11D3-BF4B-00C04F79EFBC}") = "SehirRehberi", "SehirRehberi\SehirRehberi.csproj", "{F71DD1AB-6DA2-49DB-8DC2-BC241493EA6D}"
EndProject
Global
	GlobalSection(SolutionConfigurationPlatforms) = preSolution
		Debug|Any CPU = Debug|Any CPU
		Release|Any CPU = Release|Any CPU
	EndGlobalSection
	GlobalSection(ProjectConfigurationPlatforms) = postSolution
		{F71DD1AB-6DA2-49DB-8DC2-BC241493EA6D}.Debug|Any CPU.ActiveCfg = Debug|Any CPU
		{F71DD1AB-6DA2-49DB-8DC2-BC241493EA6D}.Debug|Any CPU.Build.0 = Debug|Any CPU
		{F71DD1AB-6DA2-49DB-8DC2-BC241493EA6D}.Release|Any CPU.ActiveCfg = Release|Any CPU
		{F71DD1AB-6DA2-49DB-8DC2-BC241493EA6D}.Release|Any CPU.Build.0 = Release|Any CPU
	EndGlobalSection
	GlobalSection(SolutionProperties) = preSolution
		HideSolutionNode = FALSE
	EndGlobalSection
	GlobalSection(ExtensibilityGlobals) = postSolution
		SolutionGuid = {ECCD27C2-9EAC-4E1A-B3E5-15D1D1BFF25F}
	EndGlobalSection
EndGlobal
